
Microsoft Visual Studio Solution File, Format Version 12.00
# Visual Studio Version 17
VisualStudioVersion = 17.8.34330.188
MinimumVisualStudioVersion = 10.0.40219.1
Project("{FAE04EC0-301F-11D3-BF4B-00C04F79EFBC}") = "source", "source.csproj", "{F2E300DB-4A59-403C-A5B9-0821B9D58D56}"
EndProject
Global
	GlobalSection(SolutionConfigurationPlatforms) = preSolution
		Debug|Any CPU = Debug|Any CPU
		Release|Any CPU = Release|Any CPU
	EndGlobalSection
	GlobalSection(ProjectConfigurationPlatforms) = postSolution
		{F2E300DB-4A59-403C-A5B9-0821B9D58D56}.Debug|Any CPU.ActiveCfg = Debug|Any CPU
		{F2E300DB-4A59-403C-A5B9-0821B9D58D56}.Debug|Any CPU.Build.0 = Debug|Any CPU
		{F2E300DB-4A59-403C-A5B9-0821B9D58D56}.Release|Any CPU.ActiveCfg = Release|Any CPU
		{F2E300DB-4A59-403C-A5B9-0821B9D58D56}.Release|Any CPU.Build.0 = Release|Any CPU
	EndGlobalSection
	GlobalSection(SolutionProperties) = preSolution
		HideSolutionNode = FALSE
	EndGlobalSection
	GlobalSection(ExtensibilityGlobals) = postSolution
		SolutionGuid = {AB57EDB5-6AB0-4DF5-828E-BAD37B7BA536}
	EndGlobalSection
EndGlobal
